
Microsoft Visual Studio Solution File, Format Version 12.00
# Visual Studio Version 16
VisualStudioVersion = 16.0.29911.84
MinimumVisualStudioVersion = 10.0.40219.1
Project("{FAE04EC0-301F-11D3-BF4B-00C04F79EFBC}") = "HelloWeb", "HelloWeb\HelloWeb.csproj", "{B650334D-0844-4BF0-882F-3D0F124401F9}"
EndProject
Global
	GlobalSection(SolutionConfigurationPlatforms) = preSolution
		Debug|Any CPU = Debug|Any CPU
		Release|Any CPU = Release|Any CPU
	EndGlobalSection
	GlobalSection(ProjectConfigurationPlatforms) = postSolution
		{B650334D-0844-4BF0-882F-3D0F124401F9}.Debug|Any CPU.ActiveCfg = Debug|Any CPU
		{B650334D-0844-4BF0-882F-3D0F124401F9}.Debug|Any CPU.Build.0 = Debug|Any CPU
		{B650334D-0844-4BF0-882F-3D0F124401F9}.Release|Any CPU.ActiveCfg = Release|Any CPU
		{B650334D-0844-4BF0-882F-3D0F124401F9}.Release|Any CPU.Build.0 = Release|Any CPU
	EndGlobalSection
	GlobalSection(SolutionProperties) = preSolution
		HideSolutionNode = FALSE
	EndGlobalSection
	GlobalSection(ExtensibilityGlobals) = postSolution
		SolutionGuid = {2C2B1BB2-7572-477B-9996-9998AC7443A8}
	EndGlobalSection
EndGlobal
